// !$*UTF8*$!
{
	archiveVersion = 1;
	classes = {
	};
	objectVersion = 50;
	objects = {

/* Begin PBXBuildFile section */
		AC263C3B2249990F004E95E5 /* AppDelegate.m in Sources */ = {isa = PBXBuildFile; fileRef = AC263C3A2249990F004E95E5 /* AppDelegate.m */; };
		AC263C3E2249990F004E95E5 /* ViewController.m in Sources */ = {isa = PBXBuildFile; fileRef = AC263C3D2249990F004E95E5 /* ViewController.m */; };
		AC263C412249990F004E95E5 /* Main.storyboard in Resources */ = {isa = PBXBuildFile; fileRef = AC263C3F2249990F004E95E5 /* Main.storyboard */; };
		AC263C432249990F004E95E5 /* Assets.xcassets in Resources */ = {isa = PBXBuildFile; fileRef = AC263C422249990F004E95E5 /* Assets.xcassets */; };
		AC263C462249990F004E95E5 /* LaunchScreen.storyboard in Resources */ = {isa = PBXBuildFile; fileRef = AC263C442249990F004E95E5 /* LaunchScreen.storyboard */; };
		AC263C492249990F004E95E5 /* main.m in Sources */ = {isa = PBXBuildFile; fileRef = AC263C482249990F004E95E5 /* main.m */; };
		AC263C5122499D10004E95E5 /* Jogador.m in Sources */ = {isa = PBXBuildFile; fileRef = AC263C5022499D10004E95E5 /* Jogador.m */; };
/* End PBXBuildFile section */

/* Begin PBXFileReference section */
		AC263C362249990F004E95E5 /* player-avatar.app */ = {isa = PBXFileReference; explicitFileType = wrapper.application; includeInIndex = 0; path = "player-avatar.app"; sourceTree = BUILT_PRODUCTS_DIR; };
		AC263C392249990F004E95E5 /* AppDelegate.h */ = {isa = PBXFileReference; lastKnownFileType = sourcecode.c.h; path = AppDelegate.h; sourceTree = "<group>"; };
		AC263C3A2249990F004E95E5 /* AppDelegate.m */ = {isa = PBXFileReference; lastKnownFileType = sourcecode.c.objc; path = AppDelegate.m; sourceTree = "<group>"; };
		AC263C3C2249990F004E95E5 /* ViewController.h */ = {isa = PBXFileReference; lastKnownFileType = sourcecode.c.h; path = ViewController.h; sourceTree = "<group>"; };
		AC263C3D2249990F004E95E5 /* ViewController.m */ = {isa = PBXFileReference; lastKnownFileType = sourcecode.c.objc; path = ViewController.m; sourceTree = "<group>"; };
		AC263C402249990F004E95E5 /* Base */ = {isa = PBXFileReference; lastKnownFileType = file.storyboard; name = Base; path = Base.lproj/Main.storyboard; sourceTree = "<group>"; };
		AC263C422249990F004E95E5 /* Assets.xcassets */ = {isa = PBXFileReference; lastKnownFileType = folder.assetcatalog; path = Assets.xcassets; sourceTree = "<group>"; };
		AC263C452249990F004E95E5 /* Base */ = {isa = PBXFileReference; lastKnownFileType = file.storyboard; name = Base; path = Base.lproj/LaunchScreen.storyboard; sourceTree = "<group>"; };
		AC263C472249990F004E95E5 /* Info.plist */ = {isa = PBXFileReference; lastKnownFileType = text.plist.xml; path = Info.plist; sourceTree = "<group>"; };
		AC263C482249990F004E95E5 /* main.m */ = {isa = PBXFileReference; lastKnownFileType = sourcecode.c.objc; path = main.m; sourceTree = "<group>"; };
		AC263C4F22499D10004E95E5 /* Jogador.h */ = {isa = PBXFileReference; lastKnownFileType = sourcecode.c.h; path = Jogador.h; sourceTree = "<group>"; };
		AC263C5022499D10004E95E5 /* Jogador.m */ = {isa = PBXFileReference; lastKnownFileType = sourcecode.c.objc; path = Jogador.m; sourceTree = "<group>"; };
/* End PBXFileReference section */

/* Begin PBXFrameworksBuildPhase section */
		AC263C332249990E004E95E5 /* Frameworks */ = {
			isa = PBXFrameworksBuildPhase;
			buildActionMask = 2147483647;
			files = (
			);
			runOnlyForDeploymentPostprocessing = 0;
		};
/* End PBXFrameworksBuildPhase section */

/* Begin PBXGroup section */
		AC263C2D2249990E004E95E5 = {
			isa = PBXGroup;
			children = (
				AC263C382249990F004E95E5 /* player-avatar */,
				AC263C372249990F004E95E5 /* Products */,
			);
			sourceTree = "<group>";
		};
		AC263C372249990F004E95E5 /* Products */ = {
			isa = PBXGroup;
			children = (
				AC263C362249990F004E95E5 /* player-avatar.app */,
			);
			name = Products;
			sourceTree = "<group>";
		};
		AC263C382249990F004E95E5 /* player-avatar */ = {
			isa = PBXGroup;
			children = (
				AC263C392249990F004E95E5 /* AppDelegate.h */,
				AC263C3A2249990F004E95E5 /* AppDelegate.m */,
				AC263C3C2249990F004E95E5 /* ViewController.h */,
				AC263C3D2249990F004E95E5 /* ViewController.m */,
				AC263C3F2249990F004E95E5 /* Main.storyboard */,
				AC263C4F22499D10004E95E5 /* Jogador.h */,
				AC263C5022499D10004E95E5 /* Jogador.m */,
				AC263C422249990F004E95E5 /* Assets.xcassets */,
				AC263C442249990F004E95E5 /* LaunchScreen.storyboard */,
				AC263C472249990F004E95E5 /* Info.plist */,
				AC263C482249990F004E95E5 /* main.m */,
			);
			path = "player-avatar";
			sourceTree = "<group>";
		};
/* End PBXGroup section */

/* Begin PBXNativeTarget section */
		AC263C352249990E004E95E5 /* player-avatar */ = {
			isa = PBXNativeTarget;
			buildConfigurationList = AC263C4C2249990F004E95E5 /* Build configuration list for PBXNativeTarget "player-avatar" */;
			buildPhases = (
				AC263C322249990E004E95E5 /* Sources */,
				AC263C332249990E004E95E5 /* Frameworks */,
				AC263C342249990E004E95E5 /* Resources */,
			);
			buildRules = (
			);
			dependencies = (
			);
			name = "player-avatar";
			productName = "player-avatar";
			productReference = AC263C362249990F004E95E5 /* player-avatar.app */;
			productType = "com.apple.product-type.application";
		};
/* End PBXNativeTarget section */

/* Begin PBXProject section */
		AC263C2E2249990E004E95E5 /* Project object */ = {
			isa = PBXProject;
			attributes = {
				LastUpgradeCheck = 1010;
				ORGANIZATIONNAME = "Guilherme BIgois";
				TargetAttributes = {
					AC263C352249990E004E95E5 = {
						CreatedOnToolsVersion = 10.1;
					};
				};
			};
			buildConfigurationList = AC263C312249990E004E95E5 /* Build configuration list for PBXProject "player-avatar" */;
			compatibilityVersion = "Xcode 9.3";
			developmentRegion = en;
			hasScannedForEncodings = 0;
			knownRegions = (
				en,
				Base,
			);
			mainGroup = AC263C2D2249990E004E95E5;
			productRefGroup = AC263C372249990F004E95E5 /* Products */;
			projectDirPath = "";
			projectRoot = "";
			targets = (
				AC263C352249990E004E95E5 /* player-avatar */,
			);
		};
/* End PBXProject section */

/* Begin PBXResourcesBuildPhase section */
		AC263C342249990E004E95E5 /* Resources */ = {
			isa = PBXResourcesBuildPhase;
			buildActionMask = 2147483647;
			files = (
				AC263C462249990F004E95E5 /* LaunchScreen.storyboard in Resources */,
				AC263C432249990F004E95E5 /* Assets.xcassets in Resources */,
				AC263C412249990F004E95E5 /* Main.storyboard in Resources */,
			);
			runOnlyForDeploymentPostprocessing = 0;
		};
/* End PBXResourcesBuildPhase section */

/* Begin PBXSourcesBuildPhase section */
		AC263C322249990E004E95E5 /* Sources */ = {
			isa = PBXSourcesBuildPhase;
			buildActionMask = 2147483647;
			files = (
				AC263C3E2249990F004E95E5 /* ViewController.m in Sources */,
				AC263C492249990F004E95E5 /* main.m in Sources */,
				AC263C5122499D10004E95E5 /* Jogador.m in Sources */,
				AC263C3B2249990F004E95E5 /* AppDelegate.m in Sources */,
			);
			runOnlyForDeploymentPostprocessing = 0;
		};
/* End PBXSourcesBuildPhase section */

/* Begin PBXVariantGroup section */
		AC263C3F2249990F004E95E5 /* Main.storyboard */ = {
			isa = PBXVariantGroup;
			children = (
				AC263C402249990F004E95E5 /* Base */,
			);
			name = Main.storyboard;
			sourceTree = "<group>";
		};
		AC263C442249990F004E95E5 /* LaunchScreen.storyboard */ = {
			isa = PBXVariantGroup;
			children = (
				AC263C452249990F004E95E5 /* Base */,
			);
			name = LaunchScreen.storyboard;
			sourceTree = "<group>";
		};
/* End PBXVariantGroup section */

/* Begin XCBuildConfiguration section */
		AC263C4A2249990F004E95E5 /* Debug */ = {
			isa = XCBuildConfiguration;
			buildSettings = {
				ALWAYS_SEARCH_USER_PATHS = NO;
				CLANG_ANALYZER_NONNULL = YES;
				CLANG_ANALYZER_NUMBER_OBJECT_CONVERSION = YES_AGGRESSIVE;
				CLANG_CXX_LANGUAGE_STANDARD = "gnu++14";
				CLANG_CXX_LIBRARY = "libc++";
				CLANG_ENABLE_MODULES = YES;
				CLANG_ENABLE_OBJC_ARC = YES;
				CLANG_ENABLE_OBJC_WEAK = YES;
				CLANG_WARN_BLOCK_CAPTURE_AUTORELEASING = YES;
				CLANG_WARN_BOOL_CONVERSION = YES;
				CLANG_WARN_COMMA = YES;
				CLANG_WARN_CONSTANT_CONVERSION = YES;
				CLANG_WARN_DEPRECATED_OBJC_IMPLEMENTATIONS = YES;
				CLANG_WARN_DIRECT_OBJC_ISA_USAGE = YES_ERROR;
				CLANG_WARN_DOCUMENTATION_COMMENTS = YES;
				CLANG_WARN_EMPTY_BODY = YES;
				CLANG_WARN_ENUM_CONVERSION = YES;
				CLANG_WARN_INFINITE_RECURSION = YES;
				CLANG_WARN_INT_CONVERSION = YES;
				CLANG_WARN_NON_LITERAL_NULL_CONVERSION = YES;
				CLANG_WARN_OBJC_IMPLICIT_RETAIN_SELF = YES;
				CLANG_WARN_OBJC_LITERAL_CONVERSION = YES;
				CLANG_WARN_OBJC_ROOT_CLASS = YES_ERROR;
				CLANG_WARN_RANGE_LOOP_ANALYSIS = YES;
				CLANG_WARN_STRICT_PROTOTYPES = YES;
				CLANG_WARN_SUSPICIOUS_MOVE = YES;
				CLANG_WARN_UNGUARDED_AVAILABILITY = YES_AGGRESSIVE;
				CLANG_WARN_UNREACHABLE_CODE = YES;
				CLANG_WARN__DUPLICATE_METHOD_MATCH = YES;
				CODE_SIGN_IDENTITY = "iPhone Developer";
				COPY_PHASE_STRIP = NO;
				DEBUG_INFORMATION_FORMAT = dwarf;
				ENABLE_STRICT_OBJC_MSGSEND = YES;
				ENABLE_TESTABILITY = YES;
				GCC_C_LANGUAGE_STANDARD = gnu11;
				GCC_DYNAMIC_NO_PIC = NO;
				GCC_NO_COMMON_BLOCKS = YES;
				GCC_OPTIMIZATION_LEVEL = 0;
				GCC_PREPROCESSOR_DEFINITIONS = (
					"DEBUG=1",
					"$(inherited)",
				);
				GCC_WARN_64_TO_32_BIT_CONVERSION = YES;
				GCC_WARN_ABOUT_RETURN_TYPE = YES_ERROR;
				GCC_WARN_UNDECLARED_SELECTOR = YES;
				GCC_WARN_UNINITIALIZED_AUTOS = YES_AGGRESSIVE;
				GCC_WARN_UNUSED_FUNCTION = YES;
				GCC_WARN_UNUSED_VARIABLE = YES;
				IPHONEOS_DEPLOYMENT_TARGET = 12.1;
				MTL_ENABLE_DEBUG_INFO = INCLUDE_SOURCE;
				MTL_FAST_MATH = YES;
				ONLY_ACTIVE_ARCH = YES;
				SDKROOT = iphoneos;
			};
			name = Debug;
		};
		AC263C4B2249990F004E95E5 /* Release */ = {
			isa = XCBuildConfiguration;
			buildSettings = {
				ALWAYS_SEARCH_USER_PATHS = NO;
				CLANG_ANALYZER_NONNULL = YES;
				CLANG_ANALYZER_NUMBER_OBJECT_CONVERSION = YES_AGGRESSIVE;
				CLANG_CXX_LANGUAGE_STANDARD = "gnu++14";
				CLANG_CXX_LIBRARY = "libc++";
				CLANG_ENABLE_MODULES = YES;
				CLANG_ENABLE_OBJC_ARC = YES;
				CLANG_ENABLE_OBJC_WEAK = YES;
				CLANG_WARN_BLOCK_CAPTURE_AUTORELEASING = YES;
				CLANG_WARN_BOOL_CONVERSION = YES;
				CLANG_WARN_COMMA = YES;
				CLANG_WARN_CONSTANT_CONVERSION = YES;
				CLANG_WARN_DEPRECATED_OBJC_IMPLEMENTATIONS = YES;
				CLANG_WARN_DIRECT_OBJC_ISA_USAGE = YES_ERROR;
				CLANG_WARN_DOCUMENTATION_COMMENTS = YES;
				CLANG_WARN_EMPTY_BODY = YES;
				CLANG_WARN_ENUM_CONVERSION = YES;
				CLANG_WARN_INFINITE_RECURSION = YES;
				CLANG_WARN_INT_CONVERSION = YES;
				CLANG_WARN_NON_LITERAL_NULL_CONVERSION = YES;
				CLANG_WARN_OBJC_IMPLICIT_RETAIN_SELF = YES;
				CLANG_WARN_OBJC_LITERAL_CONVERSION = YES;
				CLANG_WARN_OBJC_ROOT_CLASS = YES_ERROR;
				CLANG_WARN_RANGE_LOOP_ANALYSIS = YES;
				CLANG_WARN_STRICT_PROTOTYPES = YES;
				CLANG_WARN_SUSPICIOUS_MOVE = YES;
				CLANG_WARN_UNGUARDED_AVAILABILITY = YES_AGGRESSIVE;
				CLANG_WARN_UNREACHABLE_CODE = YES;
				CLANG_WARN__DUPLICATE_METHOD_MATCH = YES;
				CODE_SIGN_IDENTITY = "iPhone Developer";
				COPY_PHASE_STRIP = NO;
				DEBUG_INFORMATION_FORMAT = "dwarf-with-dsym";
				ENABLE_NS_ASSERTIONS = NO;
				ENABLE_STRICT_OBJC_MSGSEND = YES;
				GCC_C_LANGUAGE_STANDARD = gnu11;
				GCC_NO_COMMON_BLOCKS = YES;
				GCC_WARN_64_TO_32_BIT_CONVERSION = YES;
				GCC_WARN_ABOUT_RETURN_TYPE = YES_ERROR;
				GCC_WARN_UNDECLARED_SELECTOR = YES;
				GCC_WARN_UNINITIALIZED_AUTOS = YES_AGGRESSIVE;
				GCC_WARN_UNUSED_FUNCTION = YES;
				GCC_WARN_UNUSED_VARIABLE = YES;
				IPHONEOS_DEPLOYMENT_TARGET = 12.1;
				MTL_ENABLE_DEBUG_INFO = NO;
				MTL_FAST_MATH = YES;
				SDKROOT = iphoneos;
				VALIDATE_PRODUCT = YES;
			};
			name = Release;
		};
		AC263C4D2249990F004E95E5 /* Debug */ = {
			isa = XCBuildConfiguration;
			buildSettings = {
				ASSETCATALOG_COMPILER_APPICON_NAME = AppIcon;
				CODE_SIGN_STYLE = Automatic;
				INFOPLIST_FILE = "player-avatar/Info.plist";
				LD_RUNPATH_SEARCH_PATHS = (
					"$(inherited)",
					"@executable_path/Frameworks",
				);
				PRODUCT_BUNDLE_IDENTIFIER = "br.com.fiap.player-avatar";
				PRODUCT_NAME = "$(TARGET_NAME)";
				TARGETED_DEVICE_FAMILY = "1,2";
			};
			name = Debug;
		};
		AC263C4E2249990F004E95E5 /* Release */ = {
			isa = XCBuildConfiguration;
			buildSettings = {
				ASSETCATALOG_COMPILER_APPICON_NAME = AppIcon;
				CODE_SIGN_STYLE = Automatic;
				INFOPLIST_FILE = "player-avatar/Info.plist";
				LD_RUNPATH_SEARCH_PATHS = (
					"$(inherited)",
					"@executable_path/Frameworks",
				);
				PRODUCT_BUNDLE_IDENTIFIER = "br.com.fiap.player-avatar";
				PRODUCT_NAME = "$(TARGET_NAME)";
				TARGETED_DEVICE_FAMILY = "1,2";
			};
			name = Release;
		};
/* End XCBuildConfiguration section */

/* Begin XCConfigurationList section */
		AC263C312249990E004E95E5 /* Build configuration list for PBXProject "player-avatar" */ = {
			isa = XCConfigurationList;
			buildConfigurations = (
				AC263C4A2249990F004E95E5 /* Debug */,
				AC263C4B2249990F004E95E5 /* Release */,
			);
			defaultConfigurationIsVisible = 0;
			defaultConfigurationName = Release;
		};
		AC263C4C2249990F004E95E5 /* Build configuration list for PBXNativeTarget "player-avatar" */ = {
			isa = XCConfigurationList;
			buildConfigurations = (
				AC263C4D2249990F004E95E5 /* Debug */,
				AC263C4E2249990F004E95E5 /* Release */,
			);
			defaultConfigurationIsVisible = 0;
			defaultConfigurationName = Release;
		};
/* End XCConfigurationList section */
	};
	rootObject = AC263C2E2249990E004E95E5 /* Project object */;
}
